// !$*UTF8*$!
{
	archiveVersion = 1;
	classes = {
	};
	objectVersion = 56;
	objects = {

/* Begin PBXBuildFile section */
		0F0F37D62B8BCDE60018B090 /* LootApp.swift in Sources */ = {isa = PBXBuildFile; fileRef = 0F0F37D52B8BCDE60018B090 /* LootApp.swift */; };
		0F0F37DA2B8BCDE80018B090 /* Assets.xcassets in Resources */ = {isa = PBXBuildFile; fileRef = 0F0F37D92B8BCDE80018B090 /* Assets.xcassets */; };
		0F0F37DD2B8BCDE80018B090 /* Preview Assets.xcassets in Resources */ = {isa = PBXBuildFile; fileRef = 0F0F37DC2B8BCDE80018B090 /* Preview Assets.xcassets */; };
		0F23D1932BB3BDDD00D75431 /* ServerResponse.swift in Sources */ = {isa = PBXBuildFile; fileRef = 0F23D1922BB3BDDD00D75431 /* ServerResponse.swift */; };
		0F23D1952BB3C4B200D75431 /* MatchmakingView.swift in Sources */ = {isa = PBXBuildFile; fileRef = 0F23D1942BB3C4B200D75431 /* MatchmakingView.swift */; };
		0F46F77B2BC64CF200062511 /* AlertToShow.swift in Sources */ = {isa = PBXBuildFile; fileRef = 0F46F77A2BC64CF200062511 /* AlertToShow.swift */; };
		0F46F77D2BC64DB700062511 /* ErrorResponse.swift in Sources */ = {isa = PBXBuildFile; fileRef = 0F46F77C2BC64DB600062511 /* ErrorResponse.swift */; };
		0F91CFE92BCC3DF20057402E /* SideMenuTab.swift in Sources */ = {isa = PBXBuildFile; fileRef = 0F91CFE82BCC3DF20057402E /* SideMenuTab.swift */; };
		0F91CFEB2BCC3E190057402E /* RoundedCornerRect.swift in Sources */ = {isa = PBXBuildFile; fileRef = 0F91CFEA2BCC3E190057402E /* RoundedCornerRect.swift */; };
		0F91CFED2BCC3EDD0057402E /* RoundLogList.swift in Sources */ = {isa = PBXBuildFile; fileRef = 0F91CFEC2BCC3EDD0057402E /* RoundLogList.swift */; };
		0F91CFEF2BCC3EF80057402E /* MessageRow.swift in Sources */ = {isa = PBXBuildFile; fileRef = 0F91CFEE2BCC3EF80057402E /* MessageRow.swift */; };
		0F91CFF12BCC3F220057402E /* GameLogView.swift in Sources */ = {isa = PBXBuildFile; fileRef = 0F91CFF02BCC3F220057402E /* GameLogView.swift */; };
		0F91CFF42BCC3F440057402E /* Message.swift in Sources */ = {isa = PBXBuildFile; fileRef = 0F91CFF32BCC3F440057402E /* Message.swift */; };
		0F91CFF62BCC3F780057402E /* RoundLog.swift in Sources */ = {isa = PBXBuildFile; fileRef = 0F91CFF52BCC3F780057402E /* RoundLog.swift */; };
		0F91CFF82BCC3F960057402E /* GameLog.swift in Sources */ = {isa = PBXBuildFile; fileRef = 0F91CFF72BCC3F960057402E /* GameLog.swift */; };
		0F91CFFA2BCC3FC10057402E /* GameLogViewExtension.swift in Sources */ = {isa = PBXBuildFile; fileRef = 0F91CFF92BCC3FC10057402E /* GameLogViewExtension.swift */; };
		0F92E8352BCA11E9003D8D8F /* PreviewData.swift in Sources */ = {isa = PBXBuildFile; fileRef = 0F92E8342BCA11E9003D8D8F /* PreviewData.swift */; };
		0F92E8392BCA2465003D8D8F /* RulesView.swift in Sources */ = {isa = PBXBuildFile; fileRef = 0F92E8382BCA2465003D8D8F /* RulesView.swift */; };
		0F92E83C2BCA256B003D8D8F /* caslon-antique.regular.ttf in Resources */ = {isa = PBXBuildFile; fileRef = 0F92E83B2BCA256B003D8D8F /* caslon-antique.regular.ttf */; };
		0F92E83E2BCA2572003D8D8F /* Windlass.ttf in Resources */ = {isa = PBXBuildFile; fileRef = 0F92E83D2BCA2572003D8D8F /* Windlass.ttf */; };
		0FD38A8E2BA261D3003982B7 /* StompClient.swift in Sources */ = {isa = PBXBuildFile; fileRef = 0FD38A8D2BA261D3003982B7 /* StompClient.swift */; };
		0FD38A912BA2620A003982B7 /* SwiftStomp in Frameworks */ = {isa = PBXBuildFile; productRef = 0FD38A902BA2620A003982B7 /* SwiftStomp */; };
		0FD38A942BA26242003982B7 /* Starscream in Frameworks */ = {isa = PBXBuildFile; productRef = 0FD38A932BA26242003982B7 /* Starscream */; };
		0FD38A9C2BA26F18003982B7 /* AppViewModel.swift in Sources */ = {isa = PBXBuildFile; fileRef = 0FD38A9B2BA26F18003982B7 /* AppViewModel.swift */; };
		0FD38A9E2BA26F92003982B7 /* LobbyResponse.swift in Sources */ = {isa = PBXBuildFile; fileRef = 0FD38A9D2BA26F92003982B7 /* LobbyResponse.swift */; };
		0FD38AA02BA274BC003982B7 /* Player.swift in Sources */ = {isa = PBXBuildFile; fileRef = 0FD38A9F2BA274BC003982B7 /* Player.swift */; };
		0FD38AA22BA27502003982B7 /* LobbyRequest.swift in Sources */ = {isa = PBXBuildFile; fileRef = 0FD38AA12BA27502003982B7 /* LobbyRequest.swift */; };
		0FD399B02BB73EC1004856EF /* CreateLobbyRequest.swift in Sources */ = {isa = PBXBuildFile; fileRef = 0FD399AF2BB73EC1004856EF /* CreateLobbyRequest.swift */; };
		0FEB84C82BBCEBD5000C4894 /* LootTests.swift in Sources */ = {isa = PBXBuildFile; fileRef = 0FEB84C72BBCEBD5000C4894 /* LootTests.swift */; };
		0FEB84CE2BBCEBE4000C4894 /* ObjectDecodingTests.swift in Sources */ = {isa = PBXBuildFile; fileRef = 0FEB84BF2BBCEAC2000C4894 /* ObjectDecodingTests.swift */; };
		0FEB84D02BBD0B3F000C4894 /* StartRoundResponse.swift in Sources */ = {isa = PBXBuildFile; fileRef = 0FEB84CF2BBD0B3F000C4894 /* StartRoundResponse.swift */; };
		0FEB84D22BBD0BE6000C4894 /* CardResponse.swift in Sources */ = {isa = PBXBuildFile; fileRef = 0FEB84D12BBD0BE6000C4894 /* CardResponse.swift */; };
		0FEB84D42BBD0C2B000C4894 /* NextTurnResponse.swift in Sources */ = {isa = PBXBuildFile; fileRef = 0FEB84D32BBD0C2B000C4894 /* NextTurnResponse.swift */; };
		0FEB84D62BBD0C4D000C4894 /* RoundStatusResponse.swift in Sources */ = {isa = PBXBuildFile; fileRef = 0FEB84D52BBD0C4D000C4894 /* RoundStatusResponse.swift */; };
		0FEB84D82BBD0C97000C4894 /* PlayedCardResponse.swift in Sources */ = {isa = PBXBuildFile; fileRef = 0FEB84D72BBD0C97000C4894 /* PlayedCardResponse.swift */; };
		3268B6772BBDDDEA00F6218A /* CustomViews.swift in Sources */ = {isa = PBXBuildFile; fileRef = 3268B6762BBDDDEA00F6218A /* CustomViews.swift */; };
		3268B6792BBDE2D100F6218A /* CreateGameView.swift in Sources */ = {isa = PBXBuildFile; fileRef = 3268B6782BBDE2D100F6218A /* CreateGameView.swift */; };
		3268B67B2BBDFDCB00F6218A /* LobbyPlayerView.swift in Sources */ = {isa = PBXBuildFile; fileRef = 3268B67A2BBDFDCB00F6218A /* LobbyPlayerView.swift */; };
		32B9CBB82BC5A9E50031B563 /* Card.swift in Sources */ = {isa = PBXBuildFile; fileRef = 32B9CBB72BC5A9E50031B563 /* Card.swift */; };
		32B9CBBA2BC5A9EA0031B563 /* Hand.swift in Sources */ = {isa = PBXBuildFile; fileRef = 32B9CBB92BC5A9EA0031B563 /* Hand.swift */; };
		32B9CBBC2BC5A9F30031B563 /* GamePlayer.swift in Sources */ = {isa = PBXBuildFile; fileRef = 32B9CBBB2BC5A9F30031B563 /* GamePlayer.swift */; };
		32B9CBBE2BC5AB1B0031B563 /* DeckView.swift in Sources */ = {isa = PBXBuildFile; fileRef = 32B9CBBD2BC5AB1B0031B563 /* DeckView.swift */; };
		32B9CBC02BC5AB3A0031B563 /* CompareCardView.swift in Sources */ = {isa = PBXBuildFile; fileRef = 32B9CBBF2BC5AB3A0031B563 /* CompareCardView.swift */; };
		32B9CBC22BC5AB570031B563 /* ShowCardView.swift in Sources */ = {isa = PBXBuildFile; fileRef = 32B9CBC12BC5AB570031B563 /* ShowCardView.swift */; };
		32B9CBC42BC5AB700031B563 /* PlayCardView.swift in Sources */ = {isa = PBXBuildFile; fileRef = 32B9CBC32BC5AB700031B563 /* PlayCardView.swift */; };
		32FF759D2BB331000046B2B8 /* Colors.swift in Sources */ = {isa = PBXBuildFile; fileRef = 32FF759C2BB331000046B2B8 /* Colors.swift */; };
		32FF759F2BB331860046B2B8 /* ConnectView.swift in Sources */ = {isa = PBXBuildFile; fileRef = 32FF759E2BB331860046B2B8 /* ConnectView.swift */; };
		32FF75A22BB336930046B2B8 /* quasimodo.ttf in Resources */ = {isa = PBXBuildFile; fileRef = 32FF75A12BB336930046B2B8 /* quasimodo.ttf */; };
		336C98B92BBF098B005053DA /* CardView.swift in Sources */ = {isa = PBXBuildFile; fileRef = 336C98B02BBF098B005053DA /* CardView.swift */; };
		336C98BA2BBF098B005053DA /* HandView.swift in Sources */ = {isa = PBXBuildFile; fileRef = 336C98B12BBF098B005053DA /* HandView.swift */; };
		336C98BE2BBF098B005053DA /* GameState.swift in Sources */ = {isa = PBXBuildFile; fileRef = 336C98B62BBF098B005053DA /* GameState.swift */; };
		336C98C12BBF22ED005053DA /* CardRequests.swift in Sources */ = {isa = PBXBuildFile; fileRef = 336C98C02BBF22ED005053DA /* CardRequests.swift */; };
		3C016C142BA24BB90004F3D2 /* CustomLoadingView.swift in Sources */ = {isa = PBXBuildFile; fileRef = 3C016C132BA24BB90004F3D2 /* CustomLoadingView.swift */; };
		3CF7388D2BC5B3500036664A /* NavigationBar.swift in Sources */ = {isa = PBXBuildFile; fileRef = 3CF7388C2BC5B3500036664A /* NavigationBar.swift */; };
		42C89F4E2BC63BC6003C8B40 /* ViewSingleCardView.swift in Sources */ = {isa = PBXBuildFile; fileRef = 42C89F4D2BC63BC6003C8B40 /* ViewSingleCardView.swift */; };
		42E611F32BCEEDBE00B36C62 /* WinnerView.swift in Sources */ = {isa = PBXBuildFile; fileRef = 42E611F22BCEEDBE00B36C62 /* WinnerView.swift */; };
		42EF9A012BD58841007D5F06 /* CardNameStruct.swift in Sources */ = {isa = PBXBuildFile; fileRef = 42EF9A002BD58841007D5F06 /* CardNameStruct.swift */; };
		6F20F73B2BCDB1BA000C0D8E /* PlayerProfileView.swift in Sources */ = {isa = PBXBuildFile; fileRef = 6F20F73A2BCDB1BA000C0D8E /* PlayerProfileView.swift */; };
		6F20F73D2BCDC0F8000C0D8E /* ImageOptionsView.swift in Sources */ = {isa = PBXBuildFile; fileRef = 6F20F73C2BCDC0F8000C0D8E /* ImageOptionsView.swift */; };
		6F566CFE2B9F609A00EC7C3D /* DisplayedViewController.swift in Sources */ = {isa = PBXBuildFile; fileRef = 6F566CFD2B9F609A00EC7C3D /* DisplayedViewController.swift */; };
		6F566D002B9F624100EC7C3D /* ViewToDisplay.swift in Sources */ = {isa = PBXBuildFile; fileRef = 6F566CFF2B9F624100EC7C3D /* ViewToDisplay.swift */; };
		6F566D022B9F676C00EC7C3D /* GameView.swift in Sources */ = {isa = PBXBuildFile; fileRef = 6F566D012B9F676C00EC7C3D /* GameView.swift */; };
		6FA3BFC02B8FC825005A6846 /* GameLobbyView.swift in Sources */ = {isa = PBXBuildFile; fileRef = 6FA3BFBF2B8FC825005A6846 /* GameLobbyView.swift */; };
/* End PBXBuildFile section */

/* Begin PBXContainerItemProxy section */
		0FEB84C92BBCEBD5000C4894 /* PBXContainerItemProxy */ = {
			isa = PBXContainerItemProxy;
			containerPortal = 0F0F37CA2B8BCDE60018B090 /* Project object */;
			proxyType = 1;
			remoteGlobalIDString = 0F0F37D12B8BCDE60018B090;
			remoteInfo = Loot;
		};
/* End PBXContainerItemProxy section */

/* Begin PBXFileReference section */
		0F0F37D22B8BCDE60018B090 /* Loot.app */ = {isa = PBXFileReference; explicitFileType = wrapper.application; includeInIndex = 0; path = Loot.app; sourceTree = BUILT_PRODUCTS_DIR; };
		0F0F37D52B8BCDE60018B090 /* LootApp.swift */ = {isa = PBXFileReference; lastKnownFileType = sourcecode.swift; path = LootApp.swift; sourceTree = "<group>"; };
		0F0F37D92B8BCDE80018B090 /* Assets.xcassets */ = {isa = PBXFileReference; lastKnownFileType = folder.assetcatalog; path = Assets.xcassets; sourceTree = "<group>"; };
		0F0F37DC2B8BCDE80018B090 /* Preview Assets.xcassets */ = {isa = PBXFileReference; lastKnownFileType = folder.assetcatalog; path = "Preview Assets.xcassets"; sourceTree = "<group>"; };
		0F23D1922BB3BDDD00D75431 /* ServerResponse.swift */ = {isa = PBXFileReference; lastKnownFileType = sourcecode.swift; path = ServerResponse.swift; sourceTree = "<group>"; };
		0F23D1942BB3C4B200D75431 /* MatchmakingView.swift */ = {isa = PBXFileReference; lastKnownFileType = sourcecode.swift; path = MatchmakingView.swift; sourceTree = "<group>"; };
		0F46F77A2BC64CF200062511 /* AlertToShow.swift */ = {isa = PBXFileReference; lastKnownFileType = sourcecode.swift; path = AlertToShow.swift; sourceTree = "<group>"; };
		0F46F77C2BC64DB600062511 /* ErrorResponse.swift */ = {isa = PBXFileReference; lastKnownFileType = sourcecode.swift; path = ErrorResponse.swift; sourceTree = "<group>"; };
		0F91CFE82BCC3DF20057402E /* SideMenuTab.swift */ = {isa = PBXFileReference; lastKnownFileType = sourcecode.swift; path = SideMenuTab.swift; sourceTree = "<group>"; };
		0F91CFEA2BCC3E190057402E /* RoundedCornerRect.swift */ = {isa = PBXFileReference; lastKnownFileType = sourcecode.swift; path = RoundedCornerRect.swift; sourceTree = "<group>"; };
		0F91CFEC2BCC3EDD0057402E /* RoundLogList.swift */ = {isa = PBXFileReference; lastKnownFileType = sourcecode.swift; path = RoundLogList.swift; sourceTree = "<group>"; };
		0F91CFEE2BCC3EF80057402E /* MessageRow.swift */ = {isa = PBXFileReference; lastKnownFileType = sourcecode.swift; path = MessageRow.swift; sourceTree = "<group>"; };
		0F91CFF02BCC3F220057402E /* GameLogView.swift */ = {isa = PBXFileReference; lastKnownFileType = sourcecode.swift; path = GameLogView.swift; sourceTree = "<group>"; };
		0F91CFF32BCC3F440057402E /* Message.swift */ = {isa = PBXFileReference; lastKnownFileType = sourcecode.swift; path = Message.swift; sourceTree = "<group>"; };
		0F91CFF52BCC3F780057402E /* RoundLog.swift */ = {isa = PBXFileReference; lastKnownFileType = sourcecode.swift; path = RoundLog.swift; sourceTree = "<group>"; };
		0F91CFF72BCC3F960057402E /* GameLog.swift */ = {isa = PBXFileReference; lastKnownFileType = sourcecode.swift; path = GameLog.swift; sourceTree = "<group>"; };
		0F91CFF92BCC3FC10057402E /* GameLogViewExtension.swift */ = {isa = PBXFileReference; lastKnownFileType = sourcecode.swift; path = GameLogViewExtension.swift; sourceTree = "<group>"; };
		0F92E8342BCA11E9003D8D8F /* PreviewData.swift */ = {isa = PBXFileReference; lastKnownFileType = sourcecode.swift; path = PreviewData.swift; sourceTree = "<group>"; };
		0F92E8382BCA2465003D8D8F /* RulesView.swift */ = {isa = PBXFileReference; lastKnownFileType = sourcecode.swift; path = RulesView.swift; sourceTree = "<group>"; };
		0F92E83B2BCA256B003D8D8F /* caslon-antique.regular.ttf */ = {isa = PBXFileReference; lastKnownFileType = file; path = "caslon-antique.regular.ttf"; sourceTree = "<group>"; };
		0F92E83D2BCA2572003D8D8F /* Windlass.ttf */ = {isa = PBXFileReference; lastKnownFileType = file; path = Windlass.ttf; sourceTree = "<group>"; };
		0FD38A8D2BA261D3003982B7 /* StompClient.swift */ = {isa = PBXFileReference; lastKnownFileType = sourcecode.swift; path = StompClient.swift; sourceTree = "<group>"; };
		0FD38A9B2BA26F18003982B7 /* AppViewModel.swift */ = {isa = PBXFileReference; lastKnownFileType = sourcecode.swift; path = AppViewModel.swift; sourceTree = "<group>"; };
		0FD38A9D2BA26F92003982B7 /* LobbyResponse.swift */ = {isa = PBXFileReference; lastKnownFileType = sourcecode.swift; path = LobbyResponse.swift; sourceTree = "<group>"; };
		0FD38A9F2BA274BC003982B7 /* Player.swift */ = {isa = PBXFileReference; lastKnownFileType = sourcecode.swift; path = Player.swift; sourceTree = "<group>"; };
		0FD38AA12BA27502003982B7 /* LobbyRequest.swift */ = {isa = PBXFileReference; lastKnownFileType = sourcecode.swift; path = LobbyRequest.swift; sourceTree = "<group>"; };
		0FD399AF2BB73EC1004856EF /* CreateLobbyRequest.swift */ = {isa = PBXFileReference; lastKnownFileType = sourcecode.swift; path = CreateLobbyRequest.swift; sourceTree = "<group>"; };
		0FEB84BF2BBCEAC2000C4894 /* ObjectDecodingTests.swift */ = {isa = PBXFileReference; lastKnownFileType = sourcecode.swift; path = ObjectDecodingTests.swift; sourceTree = "<group>"; };
		0FEB84C52BBCEBD5000C4894 /* LootTests.xctest */ = {isa = PBXFileReference; explicitFileType = wrapper.cfbundle; includeInIndex = 0; path = LootTests.xctest; sourceTree = BUILT_PRODUCTS_DIR; };
		0FEB84C72BBCEBD5000C4894 /* LootTests.swift */ = {isa = PBXFileReference; lastKnownFileType = sourcecode.swift; path = LootTests.swift; sourceTree = "<group>"; };
		0FEB84CF2BBD0B3F000C4894 /* StartRoundResponse.swift */ = {isa = PBXFileReference; lastKnownFileType = sourcecode.swift; path = StartRoundResponse.swift; sourceTree = "<group>"; };
		0FEB84D12BBD0BE6000C4894 /* CardResponse.swift */ = {isa = PBXFileReference; lastKnownFileType = sourcecode.swift; path = CardResponse.swift; sourceTree = "<group>"; };
		0FEB84D32BBD0C2B000C4894 /* NextTurnResponse.swift */ = {isa = PBXFileReference; lastKnownFileType = sourcecode.swift; path = NextTurnResponse.swift; sourceTree = "<group>"; };
		0FEB84D52BBD0C4D000C4894 /* RoundStatusResponse.swift */ = {isa = PBXFileReference; lastKnownFileType = sourcecode.swift; path = RoundStatusResponse.swift; sourceTree = "<group>"; };
		0FEB84D72BBD0C97000C4894 /* PlayedCardResponse.swift */ = {isa = PBXFileReference; lastKnownFileType = sourcecode.swift; path = PlayedCardResponse.swift; sourceTree = "<group>"; };
		3268B6762BBDDDEA00F6218A /* CustomViews.swift */ = {isa = PBXFileReference; lastKnownFileType = sourcecode.swift; path = CustomViews.swift; sourceTree = "<group>"; };
		3268B6782BBDE2D100F6218A /* CreateGameView.swift */ = {isa = PBXFileReference; lastKnownFileType = sourcecode.swift; path = CreateGameView.swift; sourceTree = "<group>"; };
		3268B67A2BBDFDCB00F6218A /* LobbyPlayerView.swift */ = {isa = PBXFileReference; lastKnownFileType = sourcecode.swift; path = LobbyPlayerView.swift; sourceTree = "<group>"; };
		32B9CBB72BC5A9E50031B563 /* Card.swift */ = {isa = PBXFileReference; lastKnownFileType = sourcecode.swift; path = Card.swift; sourceTree = "<group>"; };
		32B9CBB92BC5A9EA0031B563 /* Hand.swift */ = {isa = PBXFileReference; lastKnownFileType = sourcecode.swift; path = Hand.swift; sourceTree = "<group>"; };
		32B9CBBB2BC5A9F30031B563 /* GamePlayer.swift */ = {isa = PBXFileReference; lastKnownFileType = sourcecode.swift; path = GamePlayer.swift; sourceTree = "<group>"; };
		32B9CBBD2BC5AB1B0031B563 /* DeckView.swift */ = {isa = PBXFileReference; lastKnownFileType = sourcecode.swift; path = DeckView.swift; sourceTree = "<group>"; };
		32B9CBBF2BC5AB3A0031B563 /* CompareCardView.swift */ = {isa = PBXFileReference; lastKnownFileType = sourcecode.swift; path = CompareCardView.swift; sourceTree = "<group>"; };
		32B9CBC12BC5AB570031B563 /* ShowCardView.swift */ = {isa = PBXFileReference; lastKnownFileType = sourcecode.swift; path = ShowCardView.swift; sourceTree = "<group>"; };
		32B9CBC32BC5AB700031B563 /* PlayCardView.swift */ = {isa = PBXFileReference; lastKnownFileType = sourcecode.swift; path = PlayCardView.swift; sourceTree = "<group>"; };
		32FF759C2BB331000046B2B8 /* Colors.swift */ = {isa = PBXFileReference; lastKnownFileType = sourcecode.swift; path = Colors.swift; sourceTree = "<group>"; };
		32FF759E2BB331860046B2B8 /* ConnectView.swift */ = {isa = PBXFileReference; lastKnownFileType = sourcecode.swift; path = ConnectView.swift; sourceTree = "<group>"; };
		32FF75A12BB336930046B2B8 /* quasimodo.ttf */ = {isa = PBXFileReference; lastKnownFileType = file; path = quasimodo.ttf; sourceTree = "<group>"; };
		32FF75A32BB337250046B2B8 /* Info.plist */ = {isa = PBXFileReference; lastKnownFileType = text.plist; path = Info.plist; sourceTree = "<group>"; };
		336C98B02BBF098B005053DA /* CardView.swift */ = {isa = PBXFileReference; fileEncoding = 4; lastKnownFileType = sourcecode.swift; path = CardView.swift; sourceTree = "<group>"; };
		336C98B12BBF098B005053DA /* HandView.swift */ = {isa = PBXFileReference; fileEncoding = 4; lastKnownFileType = sourcecode.swift; path = HandView.swift; sourceTree = "<group>"; };
		336C98B62BBF098B005053DA /* GameState.swift */ = {isa = PBXFileReference; fileEncoding = 4; lastKnownFileType = sourcecode.swift; path = GameState.swift; sourceTree = "<group>"; };
		336C98C02BBF22ED005053DA /* CardRequests.swift */ = {isa = PBXFileReference; lastKnownFileType = sourcecode.swift; path = CardRequests.swift; sourceTree = "<group>"; };
		3C016C132BA24BB90004F3D2 /* CustomLoadingView.swift */ = {isa = PBXFileReference; lastKnownFileType = sourcecode.swift; path = CustomLoadingView.swift; sourceTree = "<group>"; };
		3CF7388C2BC5B3500036664A /* NavigationBar.swift */ = {isa = PBXFileReference; lastKnownFileType = sourcecode.swift; path = NavigationBar.swift; sourceTree = "<group>"; };
		42C89F4D2BC63BC6003C8B40 /* ViewSingleCardView.swift */ = {isa = PBXFileReference; lastKnownFileType = sourcecode.swift; path = ViewSingleCardView.swift; sourceTree = "<group>"; };
		42E611F22BCEEDBE00B36C62 /* WinnerView.swift */ = {isa = PBXFileReference; lastKnownFileType = sourcecode.swift; path = WinnerView.swift; sourceTree = "<group>"; };
		42EF9A002BD58841007D5F06 /* CardNameStruct.swift */ = {isa = PBXFileReference; lastKnownFileType = sourcecode.swift; path = CardNameStruct.swift; sourceTree = "<group>"; };
		6F20F73A2BCDB1BA000C0D8E /* PlayerProfileView.swift */ = {isa = PBXFileReference; lastKnownFileType = sourcecode.swift; path = PlayerProfileView.swift; sourceTree = "<group>"; };
		6F20F73C2BCDC0F8000C0D8E /* ImageOptionsView.swift */ = {isa = PBXFileReference; lastKnownFileType = sourcecode.swift; path = ImageOptionsView.swift; sourceTree = "<group>"; };
		6F566CFD2B9F609A00EC7C3D /* DisplayedViewController.swift */ = {isa = PBXFileReference; lastKnownFileType = sourcecode.swift; path = DisplayedViewController.swift; sourceTree = "<group>"; };
		6F566CFF2B9F624100EC7C3D /* ViewToDisplay.swift */ = {isa = PBXFileReference; lastKnownFileType = sourcecode.swift; path = ViewToDisplay.swift; sourceTree = "<group>"; };
		6F566D012B9F676C00EC7C3D /* GameView.swift */ = {isa = PBXFileReference; lastKnownFileType = sourcecode.swift; path = GameView.swift; sourceTree = "<group>"; };
		6FA3BFBF2B8FC825005A6846 /* GameLobbyView.swift */ = {isa = PBXFileReference; lastKnownFileType = sourcecode.swift; path = GameLobbyView.swift; sourceTree = "<group>"; };
/* End PBXFileReference section */

/* Begin PBXFrameworksBuildPhase section */
		0F0F37CF2B8BCDE60018B090 /* Frameworks */ = {
			isa = PBXFrameworksBuildPhase;
			buildActionMask = 2147483647;
			files = (
				0FD38A912BA2620A003982B7 /* SwiftStomp in Frameworks */,
				0FD38A942BA26242003982B7 /* Starscream in Frameworks */,
			);
			runOnlyForDeploymentPostprocessing = 0;
		};
		0FEB84C22BBCEBD5000C4894 /* Frameworks */ = {
			isa = PBXFrameworksBuildPhase;
			buildActionMask = 2147483647;
			files = (
			);
			runOnlyForDeploymentPostprocessing = 0;
		};
/* End PBXFrameworksBuildPhase section */

/* Begin PBXGroup section */
		0F0F37C92B8BCDE60018B090 = {
			isa = PBXGroup;
			children = (
				0F0F37D42B8BCDE60018B090 /* Loot */,
				0FEB84C62BBCEBD5000C4894 /* LootTests */,
				0F0F37D32B8BCDE60018B090 /* Products */,
			);
			sourceTree = "<group>";
		};
		0F0F37D32B8BCDE60018B090 /* Products */ = {
			isa = PBXGroup;
			children = (
				0F0F37D22B8BCDE60018B090 /* Loot.app */,
				0FEB84C52BBCEBD5000C4894 /* LootTests.xctest */,
			);
			name = Products;
			sourceTree = "<group>";
		};
		0F0F37D42B8BCDE60018B090 /* Loot */ = {
			isa = PBXGroup;
			children = (
				32FF75A32BB337250046B2B8 /* Info.plist */,
				0F46F7792BC64CC100062511 /* AlertDialog */,
				329B54BC2BB4A4420057CA2E /* Resources */,
				0FD38AA32BA2833D003982B7 /* Networking */,
				0F0F37D52B8BCDE60018B090 /* LootApp.swift */,
				6FA3BFBF2B8FC825005A6846 /* GameLobbyView.swift */,
				336C98B82BBF098B005053DA /* Game */,
				0F0F37DB2B8BCDE80018B090 /* Preview Content */,
				6F566CFD2B9F609A00EC7C3D /* DisplayedViewController.swift */,
				6F566CFF2B9F624100EC7C3D /* ViewToDisplay.swift */,
				3C016C132BA24BB90004F3D2 /* CustomLoadingView.swift */,
				3CF7388C2BC5B3500036664A /* NavigationBar.swift */,
				0FD38A9B2BA26F18003982B7 /* AppViewModel.swift */,
				32FF759E2BB331860046B2B8 /* ConnectView.swift */,
				0F23D1942BB3C4B200D75431 /* MatchmakingView.swift */,
				3268B6762BBDDDEA00F6218A /* CustomViews.swift */,
				3268B6782BBDE2D100F6218A /* CreateGameView.swift */,
				3268B67A2BBDFDCB00F6218A /* LobbyPlayerView.swift */,
				6F20F73A2BCDB1BA000C0D8E /* PlayerProfileView.swift */,
				6F20F73C2BCDC0F8000C0D8E /* ImageOptionsView.swift */,
			);
			path = Loot;
			sourceTree = "<group>";
		};
		0F0F37DB2B8BCDE80018B090 /* Preview Content */ = {
			isa = PBXGroup;
			children = (
				0F0F37DC2B8BCDE80018B090 /* Preview Assets.xcassets */,
			);
			path = "Preview Content";
			sourceTree = "<group>";
		};
		0F46F7792BC64CC100062511 /* AlertDialog */ = {
			isa = PBXGroup;
			children = (
				0F46F77A2BC64CF200062511 /* AlertToShow.swift */,
			);
			path = AlertDialog;
			sourceTree = "<group>";
		};
		0F91CFE62BCC3DBB0057402E /* Log */ = {
			isa = PBXGroup;
			children = (
				0F91CFF22BCC3F350057402E /* Models */,
				0F91CFE72BCC3DD30057402E /* Views */,
			);
			path = Log;
			sourceTree = "<group>";
		};
		0F91CFE72BCC3DD30057402E /* Views */ = {
			isa = PBXGroup;
			children = (
				0F91CFEA2BCC3E190057402E /* RoundedCornerRect.swift */,
				0F91CFE82BCC3DF20057402E /* SideMenuTab.swift */,
				0F91CFEE2BCC3EF80057402E /* MessageRow.swift */,
				0F91CFEC2BCC3EDD0057402E /* RoundLogList.swift */,
				0F91CFF02BCC3F220057402E /* GameLogView.swift */,
				0F91CFF92BCC3FC10057402E /* GameLogViewExtension.swift */,
			);
			path = Views;
			sourceTree = "<group>";
		};
		0F91CFF22BCC3F350057402E /* Models */ = {
			isa = PBXGroup;
			children = (
				0F91CFF32BCC3F440057402E /* Message.swift */,
				0F91CFF52BCC3F780057402E /* RoundLog.swift */,
				0F91CFF72BCC3F960057402E /* GameLog.swift */,
			);
			path = Models;
			sourceTree = "<group>";
		};
		0F92E83A2BCA255E003D8D8F /* Fonts */ = {
			isa = PBXGroup;
			children = (
				0F92E83D2BCA2572003D8D8F /* Windlass.ttf */,
				0F92E83B2BCA256B003D8D8F /* caslon-antique.regular.ttf */,
				32FF75A12BB336930046B2B8 /* quasimodo.ttf */,
			);
			path = Fonts;
			sourceTree = "<group>";
		};
		0FD38AA32BA2833D003982B7 /* Networking */ = {
			isa = PBXGroup;
			children = (
				0FD38AA52BA28351003982B7 /* Responses */,
				0FD38AA42BA2834A003982B7 /* Requests */,
				0FD38A8D2BA261D3003982B7 /* StompClient.swift */,
			);
			path = Networking;
			sourceTree = "<group>";
		};
		0FD38AA42BA2834A003982B7 /* Requests */ = {
			isa = PBXGroup;
			children = (
				0FD38A9F2BA274BC003982B7 /* Player.swift */,
				0FD38AA12BA27502003982B7 /* LobbyRequest.swift */,
				0FD399AF2BB73EC1004856EF /* CreateLobbyRequest.swift */,
				336C98C02BBF22ED005053DA /* CardRequests.swift */,
			);
			path = Requests;
			sourceTree = "<group>";
		};
		0FD38AA52BA28351003982B7 /* Responses */ = {
			isa = PBXGroup;
			children = (
				0FD38A9D2BA26F92003982B7 /* LobbyResponse.swift */,
				0F23D1922BB3BDDD00D75431 /* ServerResponse.swift */,
				0FEB84CF2BBD0B3F000C4894 /* StartRoundResponse.swift */,
				0FEB84D12BBD0BE6000C4894 /* CardResponse.swift */,
				0FEB84D32BBD0C2B000C4894 /* NextTurnResponse.swift */,
				0FEB84D52BBD0C4D000C4894 /* RoundStatusResponse.swift */,
				0FEB84D72BBD0C97000C4894 /* PlayedCardResponse.swift */,
				0F46F77C2BC64DB600062511 /* ErrorResponse.swift */,
			);
			path = Responses;
			sourceTree = "<group>";
		};
		0FEB84C62BBCEBD5000C4894 /* LootTests */ = {
			isa = PBXGroup;
			children = (
				0FEB84C72BBCEBD5000C4894 /* LootTests.swift */,
				0FEB84BF2BBCEAC2000C4894 /* ObjectDecodingTests.swift */,
			);
			path = LootTests;
			sourceTree = "<group>";
		};
		329B54BC2BB4A4420057CA2E /* Resources */ = {
			isa = PBXGroup;
			children = (
				0F92E83A2BCA255E003D8D8F /* Fonts */,
				0F0F37D92B8BCDE80018B090 /* Assets.xcassets */,
				32FF759C2BB331000046B2B8 /* Colors.swift */,
				0F92E8342BCA11E9003D8D8F /* PreviewData.swift */,
			);
			path = Resources;
			sourceTree = "<group>";
		};
		32B9CBB62BC5A99C0031B563 /* Models */ = {
			isa = PBXGroup;
			children = (
				32B9CBB72BC5A9E50031B563 /* Card.swift */,
				32B9CBB92BC5A9EA0031B563 /* Hand.swift */,
				32B9CBBB2BC5A9F30031B563 /* GamePlayer.swift */,
				42EF9A002BD58841007D5F06 /* CardNameStruct.swift */,
			);
			path = Models;
			sourceTree = "<group>";
		};
		336C98B32BBF098B005053DA /* GameViews */ = {
			isa = PBXGroup;
			children = (
				0F91CFE62BCC3DBB0057402E /* Log */,
				336C98B02BBF098B005053DA /* CardView.swift */,
				336C98B12BBF098B005053DA /* HandView.swift */,
				32B9CBBD2BC5AB1B0031B563 /* DeckView.swift */,
				32B9CBBF2BC5AB3A0031B563 /* CompareCardView.swift */,
				32B9CBC12BC5AB570031B563 /* ShowCardView.swift */,
				32B9CBC32BC5AB700031B563 /* PlayCardView.swift */,
				42C89F4D2BC63BC6003C8B40 /* ViewSingleCardView.swift */,
				0F92E8382BCA2465003D8D8F /* RulesView.swift */,
			);
			path = GameViews;
			sourceTree = "<group>";
		};
		336C98B82BBF098B005053DA /* Game */ = {
			isa = PBXGroup;
			children = (
				32B9CBB62BC5A99C0031B563 /* Models */,
				336C98B32BBF098B005053DA /* GameViews */,
				336C98B62BBF098B005053DA /* GameState.swift */,
				42E611F22BCEEDBE00B36C62 /* WinnerView.swift */,
				6F566D012B9F676C00EC7C3D /* GameView.swift */,
			);
			path = Game;
			sourceTree = "<group>";
		};
/* End PBXGroup section */

/* Begin PBXNativeTarget section */
		0F0F37D12B8BCDE60018B090 /* Loot */ = {
			isa = PBXNativeTarget;
			buildConfigurationList = 0F0F37E02B8BCDE80018B090 /* Build configuration list for PBXNativeTarget "Loot" */;
			buildPhases = (
				0F0F37CE2B8BCDE60018B090 /* Sources */,
				0F0F37CF2B8BCDE60018B090 /* Frameworks */,
				0F0F37D02B8BCDE60018B090 /* Resources */,
				6F9B19D52B9901A70081582F /* ShellScript */,
			);
			buildRules = (
			);
			dependencies = (
				6F9B19DA2B990CBF0081582F /* PBXTargetDependency */,
			);
			name = Loot;
			packageProductDependencies = (
				0FD38A902BA2620A003982B7 /* SwiftStomp */,
				0FD38A932BA26242003982B7 /* Starscream */,
			);
			productName = Loot;
			productReference = 0F0F37D22B8BCDE60018B090 /* Loot.app */;
			productType = "com.apple.product-type.application";
		};
		0FEB84C42BBCEBD5000C4894 /* LootTests */ = {
			isa = PBXNativeTarget;
			buildConfigurationList = 0FEB84CB2BBCEBD5000C4894 /* Build configuration list for PBXNativeTarget "LootTests" */;
			buildPhases = (
				0FEB84C12BBCEBD5000C4894 /* Sources */,
				0FEB84C22BBCEBD5000C4894 /* Frameworks */,
				0FEB84C32BBCEBD5000C4894 /* Resources */,
			);
			buildRules = (
			);
			dependencies = (
				0FEB84CA2BBCEBD5000C4894 /* PBXTargetDependency */,
			);
			name = LootTests;
			productName = LootTests;
			productReference = 0FEB84C52BBCEBD5000C4894 /* LootTests.xctest */;
			productType = "com.apple.product-type.bundle.unit-test";
		};
/* End PBXNativeTarget section */

/* Begin PBXProject section */
		0F0F37CA2B8BCDE60018B090 /* Project object */ = {
			isa = PBXProject;
			attributes = {
				BuildIndependentTargetsInParallel = 1;
				KnownAssetTags = (
					New,
				);
				LastSwiftUpdateCheck = 1520;
				LastUpgradeCheck = 1520;
				TargetAttributes = {
					0F0F37D12B8BCDE60018B090 = {
						CreatedOnToolsVersion = 15.2;
					};
					0FEB84C42BBCEBD5000C4894 = {
						CreatedOnToolsVersion = 15.2;
						TestTargetID = 0F0F37D12B8BCDE60018B090;
					};
				};
			};
			buildConfigurationList = 0F0F37CD2B8BCDE60018B090 /* Build configuration list for PBXProject "Loot" */;
			compatibilityVersion = "Xcode 14.0";
			developmentRegion = en;
			hasScannedForEncodings = 0;
			knownRegions = (
				en,
				Base,
			);
			mainGroup = 0F0F37C92B8BCDE60018B090;
			packageReferences = (
				6F9B19D62B990C8D0081582F /* XCRemoteSwiftPackageReference "SwiftLint" */,
				0FD38A8F2BA2620A003982B7 /* XCRemoteSwiftPackageReference "SwiftStomp" */,
				0FD38A922BA26242003982B7 /* XCRemoteSwiftPackageReference "Starscream" */,
			);
			productRefGroup = 0F0F37D32B8BCDE60018B090 /* Products */;
			projectDirPath = "";
			projectRoot = "";
			targets = (
				0F0F37D12B8BCDE60018B090 /* Loot */,
				0FEB84C42BBCEBD5000C4894 /* LootTests */,
			);
		};
/* End PBXProject section */

/* Begin PBXResourcesBuildPhase section */
		0F0F37D02B8BCDE60018B090 /* Resources */ = {
			isa = PBXResourcesBuildPhase;
			buildActionMask = 2147483647;
			files = (
				0F92E83E2BCA2572003D8D8F /* Windlass.ttf in Resources */,
				0F0F37DD2B8BCDE80018B090 /* Preview Assets.xcassets in Resources */,
				32FF75A22BB336930046B2B8 /* quasimodo.ttf in Resources */,
				0F92E83C2BCA256B003D8D8F /* caslon-antique.regular.ttf in Resources */,
				0F0F37DA2B8BCDE80018B090 /* Assets.xcassets in Resources */,
			);
			runOnlyForDeploymentPostprocessing = 0;
		};
		0FEB84C32BBCEBD5000C4894 /* Resources */ = {
			isa = PBXResourcesBuildPhase;
			buildActionMask = 2147483647;
			files = (
			);
			runOnlyForDeploymentPostprocessing = 0;
		};
/* End PBXResourcesBuildPhase section */

/* Begin PBXShellScriptBuildPhase section */
		6F9B19D52B9901A70081582F /* ShellScript */ = {
			isa = PBXShellScriptBuildPhase;
			alwaysOutOfDate = 1;
			buildActionMask = 2147483647;
			files = (
			);
			inputFileListPaths = (
			);
			inputPaths = (
			);
			outputFileListPaths = (
			);
			outputPaths = (
			);
			runOnlyForDeploymentPostprocessing = 0;
			shellPath = /bin/sh;
			shellScript = "# This line is required to make sure it works on Apple Silicon.\nif [[ \"$(uname -m)\" == arm64 ]]; then\n    export PATH=\"/opt/homebrew/bin:$PATH\"\nfi\n\nif which swiftlint >/dev/null; then\n  swiftlint --autocorrect\nelse\n  echo \"Warning: SwiftLint not installed, run command: brew install swiftlint from https://github.com/realm/SwiftLint\"\nfi\n";
		};
/* End PBXShellScriptBuildPhase section */

/* Begin PBXSourcesBuildPhase section */
		0F0F37CE2B8BCDE60018B090 /* Sources */ = {
			isa = PBXSourcesBuildPhase;
			buildActionMask = 2147483647;
			files = (
				3268B6792BBDE2D100F6218A /* CreateGameView.swift in Sources */,
				336C98BE2BBF098B005053DA /* GameState.swift in Sources */,
				0F91CFF82BCC3F960057402E /* GameLog.swift in Sources */,
				32B9CBC02BC5AB3A0031B563 /* CompareCardView.swift in Sources */,
				0FEB84D42BBD0C2B000C4894 /* NextTurnResponse.swift in Sources */,
				0F92E8352BCA11E9003D8D8F /* PreviewData.swift in Sources */,
				6FA3BFC02B8FC825005A6846 /* GameLobbyView.swift in Sources */,
				336C98BA2BBF098B005053DA /* HandView.swift in Sources */,
				0FEB84D62BBD0C4D000C4894 /* RoundStatusResponse.swift in Sources */,
				32FF759F2BB331860046B2B8 /* ConnectView.swift in Sources */,
				6F566CFE2B9F609A00EC7C3D /* DisplayedViewController.swift in Sources */,
				6F20F73D2BCDC0F8000C0D8E /* ImageOptionsView.swift in Sources */,
				6F20F73B2BCDB1BA000C0D8E /* PlayerProfileView.swift in Sources */,
				32B9CBBA2BC5A9EA0031B563 /* Hand.swift in Sources */,
				32B9CBC22BC5AB570031B563 /* ShowCardView.swift in Sources */,
				0FD38A9C2BA26F18003982B7 /* AppViewModel.swift in Sources */,
				0F92E8392BCA2465003D8D8F /* RulesView.swift in Sources */,
				32FF759D2BB331000046B2B8 /* Colors.swift in Sources */,
				0F91CFF12BCC3F220057402E /* GameLogView.swift in Sources */,
				0F23D1932BB3BDDD00D75431 /* ServerResponse.swift in Sources */,
				0FEB84D02BBD0B3F000C4894 /* StartRoundResponse.swift in Sources */,
				0FD399B02BB73EC1004856EF /* CreateLobbyRequest.swift in Sources */,
				32B9CBBE2BC5AB1B0031B563 /* DeckView.swift in Sources */,
				336C98C12BBF22ED005053DA /* CardRequests.swift in Sources */,
				3CF7388D2BC5B3500036664A /* NavigationBar.swift in Sources */,
				0F91CFFA2BCC3FC10057402E /* GameLogViewExtension.swift in Sources */,
				6F566D002B9F624100EC7C3D /* ViewToDisplay.swift in Sources */,
				0F23D1952BB3C4B200D75431 /* MatchmakingView.swift in Sources */,
				0FD38AA02BA274BC003982B7 /* Player.swift in Sources */,
				0F91CFE92BCC3DF20057402E /* SideMenuTab.swift in Sources */,
				0F0F37D62B8BCDE60018B090 /* LootApp.swift in Sources */,
				3C016C142BA24BB90004F3D2 /* CustomLoadingView.swift in Sources */,
				0FEB84D82BBD0C97000C4894 /* PlayedCardResponse.swift in Sources */,
				32B9CBB82BC5A9E50031B563 /* Card.swift in Sources */,
				0F91CFF62BCC3F780057402E /* RoundLog.swift in Sources */,
				0F91CFEB2BCC3E190057402E /* RoundedCornerRect.swift in Sources */,
				0FD38AA22BA27502003982B7 /* LobbyRequest.swift in Sources */,
				32B9CBBC2BC5A9F30031B563 /* GamePlayer.swift in Sources */,
				0FEB84D22BBD0BE6000C4894 /* CardResponse.swift in Sources */,
				336C98B92BBF098B005053DA /* CardView.swift in Sources */,
				0FD38A8E2BA261D3003982B7 /* StompClient.swift in Sources */,
				3268B6772BBDDDEA00F6218A /* CustomViews.swift in Sources */,
				0FD38A9E2BA26F92003982B7 /* LobbyResponse.swift in Sources */,
				0F91CFEF2BCC3EF80057402E /* MessageRow.swift in Sources */,
				32B9CBC42BC5AB700031B563 /* PlayCardView.swift in Sources */,
				42E611F32BCEEDBE00B36C62 /* WinnerView.swift in Sources */,
				0F46F77B2BC64CF200062511 /* AlertToShow.swift in Sources */,
				0F46F77D2BC64DB700062511 /* ErrorResponse.swift in Sources */,
				42C89F4E2BC63BC6003C8B40 /* ViewSingleCardView.swift in Sources */,
				3268B67B2BBDFDCB00F6218A /* LobbyPlayerView.swift in Sources */,
				0F91CFF42BCC3F440057402E /* Message.swift in Sources */,
				0F91CFED2BCC3EDD0057402E /* RoundLogList.swift in Sources */,
				6F566D022B9F676C00EC7C3D /* GameView.swift in Sources */,
				42EF9A012BD58841007D5F06 /* CardNameStruct.swift in Sources */,
			);
			runOnlyForDeploymentPostprocessing = 0;
		};
		0FEB84C12BBCEBD5000C4894 /* Sources */ = {
			isa = PBXSourcesBuildPhase;
			buildActionMask = 2147483647;
			files = (
				0FEB84C82BBCEBD5000C4894 /* LootTests.swift in Sources */,
				0FEB84CE2BBCEBE4000C4894 /* ObjectDecodingTests.swift in Sources */,
			);
			runOnlyForDeploymentPostprocessing = 0;
		};
/* End PBXSourcesBuildPhase section */

/* Begin PBXTargetDependency section */
		0FEB84CA2BBCEBD5000C4894 /* PBXTargetDependency */ = {
			isa = PBXTargetDependency;
			target = 0F0F37D12B8BCDE60018B090 /* Loot */;
			targetProxy = 0FEB84C92BBCEBD5000C4894 /* PBXContainerItemProxy */;
		};
		6F9B19DA2B990CBF0081582F /* PBXTargetDependency */ = {
			isa = PBXTargetDependency;
			productRef = 6F9B19D92B990CBF0081582F /* SwiftLintPlugin */;
		};
/* End PBXTargetDependency section */

/* Begin XCBuildConfiguration section */
		0F0F37DE2B8BCDE80018B090 /* Debug */ = {
			isa = XCBuildConfiguration;
			buildSettings = {
				ALWAYS_SEARCH_USER_PATHS = NO;
				ASSETCATALOG_COMPILER_GENERATE_SWIFT_ASSET_SYMBOL_EXTENSIONS = YES;
				CLANG_ANALYZER_NONNULL = YES;
				CLANG_ANALYZER_NUMBER_OBJECT_CONVERSION = YES_AGGRESSIVE;
				CLANG_CXX_LANGUAGE_STANDARD = "gnu++20";
				CLANG_ENABLE_MODULES = YES;
				CLANG_ENABLE_OBJC_ARC = YES;
				CLANG_ENABLE_OBJC_WEAK = YES;
				CLANG_WARN_BLOCK_CAPTURE_AUTORELEASING = YES;
				CLANG_WARN_BOOL_CONVERSION = YES;
				CLANG_WARN_COMMA = YES;
				CLANG_WARN_CONSTANT_CONVERSION = YES;
				CLANG_WARN_DEPRECATED_OBJC_IMPLEMENTATIONS = YES;
				CLANG_WARN_DIRECT_OBJC_ISA_USAGE = YES_ERROR;
				CLANG_WARN_DOCUMENTATION_COMMENTS = YES;
				CLANG_WARN_EMPTY_BODY = YES;
				CLANG_WARN_ENUM_CONVERSION = YES;
				CLANG_WARN_INFINITE_RECURSION = YES;
				CLANG_WARN_INT_CONVERSION = YES;
				CLANG_WARN_NON_LITERAL_NULL_CONVERSION = YES;
				CLANG_WARN_OBJC_IMPLICIT_RETAIN_SELF = YES;
				CLANG_WARN_OBJC_LITERAL_CONVERSION = YES;
				CLANG_WARN_OBJC_ROOT_CLASS = YES_ERROR;
				CLANG_WARN_QUOTED_INCLUDE_IN_FRAMEWORK_HEADER = YES;
				CLANG_WARN_RANGE_LOOP_ANALYSIS = YES;
				CLANG_WARN_STRICT_PROTOTYPES = YES;
				CLANG_WARN_SUSPICIOUS_MOVE = YES;
				CLANG_WARN_UNGUARDED_AVAILABILITY = YES_AGGRESSIVE;
				CLANG_WARN_UNREACHABLE_CODE = YES;
				CLANG_WARN__DUPLICATE_METHOD_MATCH = YES;
				COPY_PHASE_STRIP = NO;
				DEBUG_INFORMATION_FORMAT = dwarf;
				ENABLE_STRICT_OBJC_MSGSEND = YES;
				ENABLE_TESTABILITY = YES;
				ENABLE_USER_SCRIPT_SANDBOXING = YES;
				GCC_C_LANGUAGE_STANDARD = gnu17;
				GCC_DYNAMIC_NO_PIC = NO;
				GCC_NO_COMMON_BLOCKS = YES;
				GCC_OPTIMIZATION_LEVEL = 0;
				GCC_PREPROCESSOR_DEFINITIONS = (
					"DEBUG=1",
					"$(inherited)",
				);
				GCC_WARN_64_TO_32_BIT_CONVERSION = YES;
				GCC_WARN_ABOUT_RETURN_TYPE = YES_ERROR;
				GCC_WARN_UNDECLARED_SELECTOR = YES;
				GCC_WARN_UNINITIALIZED_AUTOS = YES_AGGRESSIVE;
				GCC_WARN_UNUSED_FUNCTION = YES;
				GCC_WARN_UNUSED_VARIABLE = YES;
				IPHONEOS_DEPLOYMENT_TARGET = 16.0;
				LOCALIZATION_PREFERS_STRING_CATALOGS = YES;
				MTL_ENABLE_DEBUG_INFO = INCLUDE_SOURCE;
				MTL_FAST_MATH = YES;
				ONLY_ACTIVE_ARCH = YES;
				SDKROOT = iphoneos;
				SWIFT_ACTIVE_COMPILATION_CONDITIONS = "DEBUG $(inherited)";
				SWIFT_OPTIMIZATION_LEVEL = "-Onone";
			};
			name = Debug;
		};
		0F0F37DF2B8BCDE80018B090 /* Release */ = {
			isa = XCBuildConfiguration;
			buildSettings = {
				ALWAYS_SEARCH_USER_PATHS = NO;
				ASSETCATALOG_COMPILER_GENERATE_SWIFT_ASSET_SYMBOL_EXTENSIONS = YES;
				CLANG_ANALYZER_NONNULL = YES;
				CLANG_ANALYZER_NUMBER_OBJECT_CONVERSION = YES_AGGRESSIVE;
				CLANG_CXX_LANGUAGE_STANDARD = "gnu++20";
				CLANG_ENABLE_MODULES = YES;
				CLANG_ENABLE_OBJC_ARC = YES;
				CLANG_ENABLE_OBJC_WEAK = YES;
				CLANG_WARN_BLOCK_CAPTURE_AUTORELEASING = YES;
				CLANG_WARN_BOOL_CONVERSION = YES;
				CLANG_WARN_COMMA = YES;
				CLANG_WARN_CONSTANT_CONVERSION = YES;
				CLANG_WARN_DEPRECATED_OBJC_IMPLEMENTATIONS = YES;
				CLANG_WARN_DIRECT_OBJC_ISA_USAGE = YES_ERROR;
				CLANG_WARN_DOCUMENTATION_COMMENTS = YES;
				CLANG_WARN_EMPTY_BODY = YES;
				CLANG_WARN_ENUM_CONVERSION = YES;
				CLANG_WARN_INFINITE_RECURSION = YES;
				CLANG_WARN_INT_CONVERSION = YES;
				CLANG_WARN_NON_LITERAL_NULL_CONVERSION = YES;
				CLANG_WARN_OBJC_IMPLICIT_RETAIN_SELF = YES;
				CLANG_WARN_OBJC_LITERAL_CONVERSION = YES;
				CLANG_WARN_OBJC_ROOT_CLASS = YES_ERROR;
				CLANG_WARN_QUOTED_INCLUDE_IN_FRAMEWORK_HEADER = YES;
				CLANG_WARN_RANGE_LOOP_ANALYSIS = YES;
				CLANG_WARN_STRICT_PROTOTYPES = YES;
				CLANG_WARN_SUSPICIOUS_MOVE = YES;
				CLANG_WARN_UNGUARDED_AVAILABILITY = YES_AGGRESSIVE;
				CLANG_WARN_UNREACHABLE_CODE = YES;
				CLANG_WARN__DUPLICATE_METHOD_MATCH = YES;
				COPY_PHASE_STRIP = NO;
				DEBUG_INFORMATION_FORMAT = "dwarf-with-dsym";
				ENABLE_NS_ASSERTIONS = NO;
				ENABLE_STRICT_OBJC_MSGSEND = YES;
				ENABLE_USER_SCRIPT_SANDBOXING = YES;
				GCC_C_LANGUAGE_STANDARD = gnu17;
				GCC_NO_COMMON_BLOCKS = YES;
				GCC_WARN_64_TO_32_BIT_CONVERSION = YES;
				GCC_WARN_ABOUT_RETURN_TYPE = YES_ERROR;
				GCC_WARN_UNDECLARED_SELECTOR = YES;
				GCC_WARN_UNINITIALIZED_AUTOS = YES_AGGRESSIVE;
				GCC_WARN_UNUSED_FUNCTION = YES;
				GCC_WARN_UNUSED_VARIABLE = YES;
				IPHONEOS_DEPLOYMENT_TARGET = 16.0;
				LOCALIZATION_PREFERS_STRING_CATALOGS = YES;
				MTL_ENABLE_DEBUG_INFO = NO;
				MTL_FAST_MATH = YES;
				SDKROOT = iphoneos;
				SWIFT_COMPILATION_MODE = wholemodule;
				VALIDATE_PRODUCT = YES;
			};
			name = Release;
		};
		0F0F37E12B8BCDE80018B090 /* Debug */ = {
			isa = XCBuildConfiguration;
			buildSettings = {
				ASSETCATALOG_COMPILER_APPICON_NAME = AppIcon;
				ASSETCATALOG_COMPILER_GLOBAL_ACCENT_COLOR_NAME = AccentColor;
				CODE_SIGN_STYLE = Automatic;
				CURRENT_PROJECT_VERSION = 1;
				DEVELOPMENT_ASSET_PATHS = "\"Loot/Preview Content\"";
				DEVELOPMENT_TEAM = VYLWLYD5Z4;
				ENABLE_PREVIEWS = YES;
				ENABLE_USER_SCRIPT_SANDBOXING = NO;
				GENERATE_INFOPLIST_FILE = YES;
				INFOPLIST_FILE = Loot/Info.plist;
				INFOPLIST_KEY_UIApplicationSceneManifest_Generation = YES;
				INFOPLIST_KEY_UIApplicationSupportsIndirectInputEvents = YES;
				INFOPLIST_KEY_UILaunchScreen_Generation = YES;
				INFOPLIST_KEY_UISupportedInterfaceOrientations_iPad = "UIInterfaceOrientationPortrait UIInterfaceOrientationPortraitUpsideDown UIInterfaceOrientationLandscapeLeft UIInterfaceOrientationLandscapeRight";
				INFOPLIST_KEY_UISupportedInterfaceOrientations_iPhone = "UIInterfaceOrientationPortrait UIInterfaceOrientationLandscapeLeft UIInterfaceOrientationLandscapeRight";
				IPHONEOS_DEPLOYMENT_TARGET = 17.0;
				LD_RUNPATH_SEARCH_PATHS = (
					"$(inherited)",
					"@executable_path/Frameworks",
				);
				MARKETING_VERSION = 1.0;
				PRODUCT_BUNDLE_IDENTIFIER = com.csuci.comp350.LootCI;
				PRODUCT_NAME = "$(TARGET_NAME)";
				SWIFT_EMIT_LOC_STRINGS = YES;
				SWIFT_VERSION = 5.0;
				TARGETED_DEVICE_FAMILY = "1,2";
			};
			name = Debug;
		};
		0F0F37E22B8BCDE80018B090 /* Release */ = {
			isa = XCBuildConfiguration;
			buildSettings = {
				ASSETCATALOG_COMPILER_APPICON_NAME = AppIcon;
				ASSETCATALOG_COMPILER_GLOBAL_ACCENT_COLOR_NAME = AccentColor;
				CODE_SIGN_STYLE = Automatic;
				CURRENT_PROJECT_VERSION = 1;
				DEVELOPMENT_ASSET_PATHS = "\"Loot/Preview Content\"";
				DEVELOPMENT_TEAM = VYLWLYD5Z4;
				ENABLE_PREVIEWS = YES;
				ENABLE_USER_SCRIPT_SANDBOXING = NO;
				GENERATE_INFOPLIST_FILE = YES;
				INFOPLIST_FILE = Loot/Info.plist;
				INFOPLIST_KEY_UIApplicationSceneManifest_Generation = YES;
				INFOPLIST_KEY_UIApplicationSupportsIndirectInputEvents = YES;
				INFOPLIST_KEY_UILaunchScreen_Generation = YES;
				INFOPLIST_KEY_UISupportedInterfaceOrientations_iPad = "UIInterfaceOrientationPortrait UIInterfaceOrientationPortraitUpsideDown UIInterfaceOrientationLandscapeLeft UIInterfaceOrientationLandscapeRight";
				INFOPLIST_KEY_UISupportedInterfaceOrientations_iPhone = "UIInterfaceOrientationPortrait UIInterfaceOrientationLandscapeLeft UIInterfaceOrientationLandscapeRight";
				IPHONEOS_DEPLOYMENT_TARGET = 17.0;
				LD_RUNPATH_SEARCH_PATHS = (
					"$(inherited)",
					"@executable_path/Frameworks",
				);
				MARKETING_VERSION = 1.0;
				PRODUCT_BUNDLE_IDENTIFIER = com.csuci.comp350.LootCI;
				PRODUCT_NAME = "$(TARGET_NAME)";
				SWIFT_EMIT_LOC_STRINGS = YES;
				SWIFT_VERSION = 5.0;
				TARGETED_DEVICE_FAMILY = "1,2";
			};
			name = Release;
		};
		0FEB84CC2BBCEBD5000C4894 /* Debug */ = {
			isa = XCBuildConfiguration;
			buildSettings = {
				BUNDLE_LOADER = "$(TEST_HOST)";
				CODE_SIGN_STYLE = Automatic;
				CURRENT_PROJECT_VERSION = 1;
				DEVELOPMENT_TEAM = 886646DU8M;
				GENERATE_INFOPLIST_FILE = YES;
				IPHONEOS_DEPLOYMENT_TARGET = 17.2;
				MARKETING_VERSION = 1.0;
				PRODUCT_BUNDLE_IDENTIFIER = com.comp350.LootTests;
				PRODUCT_NAME = "$(TARGET_NAME)";
				SWIFT_EMIT_LOC_STRINGS = NO;
				SWIFT_VERSION = 5.0;
				TARGETED_DEVICE_FAMILY = "1,2";
				TEST_HOST = "$(BUILT_PRODUCTS_DIR)/Loot.app/$(BUNDLE_EXECUTABLE_FOLDER_PATH)/Loot";
			};
			name = Debug;
		};
		0FEB84CD2BBCEBD5000C4894 /* Release */ = {
			isa = XCBuildConfiguration;
			buildSettings = {
				BUNDLE_LOADER = "$(TEST_HOST)";
				CODE_SIGN_STYLE = Automatic;
				CURRENT_PROJECT_VERSION = 1;
				DEVELOPMENT_TEAM = 886646DU8M;
				GENERATE_INFOPLIST_FILE = YES;
				IPHONEOS_DEPLOYMENT_TARGET = 17.2;
				MARKETING_VERSION = 1.0;
				PRODUCT_BUNDLE_IDENTIFIER = com.comp350.LootTests;
				PRODUCT_NAME = "$(TARGET_NAME)";
				SWIFT_EMIT_LOC_STRINGS = NO;
				SWIFT_VERSION = 5.0;
				TARGETED_DEVICE_FAMILY = "1,2";
				TEST_HOST = "$(BUILT_PRODUCTS_DIR)/Loot.app/$(BUNDLE_EXECUTABLE_FOLDER_PATH)/Loot";
			};
			name = Release;
		};
/* End XCBuildConfiguration section */

/* Begin XCConfigurationList section */
		0F0F37CD2B8BCDE60018B090 /* Build configuration list for PBXProject "Loot" */ = {
			isa = XCConfigurationList;
			buildConfigurations = (
				0F0F37DE2B8BCDE80018B090 /* Debug */,
				0F0F37DF2B8BCDE80018B090 /* Release */,
			);
			defaultConfigurationIsVisible = 0;
			defaultConfigurationName = Release;
		};
		0F0F37E02B8BCDE80018B090 /* Build configuration list for PBXNativeTarget "Loot" */ = {
			isa = XCConfigurationList;
			buildConfigurations = (
				0F0F37E12B8BCDE80018B090 /* Debug */,
				0F0F37E22B8BCDE80018B090 /* Release */,
			);
			defaultConfigurationIsVisible = 0;
			defaultConfigurationName = Release;
		};
		0FEB84CB2BBCEBD5000C4894 /* Build configuration list for PBXNativeTarget "LootTests" */ = {
			isa = XCConfigurationList;
			buildConfigurations = (
				0FEB84CC2BBCEBD5000C4894 /* Debug */,
				0FEB84CD2BBCEBD5000C4894 /* Release */,
			);
			defaultConfigurationIsVisible = 0;
			defaultConfigurationName = Release;
		};
/* End XCConfigurationList section */

/* Begin XCRemoteSwiftPackageReference section */
		0FD38A8F2BA2620A003982B7 /* XCRemoteSwiftPackageReference "SwiftStomp" */ = {
			isa = XCRemoteSwiftPackageReference;
			repositoryURL = "https://github.com/Romixery/SwiftStomp";
			requirement = {
				kind = upToNextMajorVersion;
				minimumVersion = 1.1.1;
			};
		};
		0FD38A922BA26242003982B7 /* XCRemoteSwiftPackageReference "Starscream" */ = {
			isa = XCRemoteSwiftPackageReference;
			repositoryURL = "https://github.com/daltoniam/Starscream";
			requirement = {
				kind = exactVersion;
				version = 4.0.4;
			};
		};
		6F9B19D62B990C8D0081582F /* XCRemoteSwiftPackageReference "SwiftLint" */ = {
			isa = XCRemoteSwiftPackageReference;
			repositoryURL = "https://github.com/realm/SwiftLint";
			requirement = {
				kind = exactVersion;
				version = 0.51.0;
			};
		};
/* End XCRemoteSwiftPackageReference section */

/* Begin XCSwiftPackageProductDependency section */
		0FD38A902BA2620A003982B7 /* SwiftStomp */ = {
			isa = XCSwiftPackageProductDependency;
			package = 0FD38A8F2BA2620A003982B7 /* XCRemoteSwiftPackageReference "SwiftStomp" */;
			productName = SwiftStomp;
		};
		0FD38A932BA26242003982B7 /* Starscream */ = {
			isa = XCSwiftPackageProductDependency;
			package = 0FD38A922BA26242003982B7 /* XCRemoteSwiftPackageReference "Starscream" */;
			productName = Starscream;
		};
		6F9B19D92B990CBF0081582F /* SwiftLintPlugin */ = {
			isa = XCSwiftPackageProductDependency;
			package = 6F9B19D62B990C8D0081582F /* XCRemoteSwiftPackageReference "SwiftLint" */;
			productName = "plugin:SwiftLintPlugin";
		};
/* End XCSwiftPackageProductDependency section */
	};
	rootObject = 0F0F37CA2B8BCDE60018B090 /* Project object */;
}
